# This file was autogenerated by uv via the following command:
#    uv export --package scaffolder --no-emit-workspace --no-default-groups --no-hashes -o services/scaffolder/requirements.lock
annotated-types==0.7.0
    # via pydantic
anyio==4.13.0
    # via httpx
certifi==2026.5.20
    # via
    #   httpcore
    #   httpx
cffi==2.0.0 ; platform_python_implementation != 'PyPy'
    # via
    #   cryptography
    #   pynacl
cryptography==48.0.0
    # via scaffolder
h11==0.16.0
    # via httpcore
hiredis==3.3.1
    # via redis
httpcore==1.0.9
    # via httpx
httpx==0.28.1
    # via scaffolder
idna==3.17
    # via
    #   anyio
    #   httpx
pycparser==3.0 ; implementation_name != 'PyPy' and platform_python_implementation != 'PyPy'
    # via cffi
pydantic==2.13.4
    # via
    #   pydantic-settings
    #   scaffolder
pydantic-core==2.46.4
    # via pydantic
pydantic-settings==2.14.1
    # via scaffolder
pyjwt==2.13.0
    # via scaffolder
pynacl==1.6.2
    # via scaffolder
python-dotenv==1.2.2
    # via pydantic-settings
pyyaml==6.0.3
    # via scaffolder
redis==8.0.0
    # via scaffolder
structlog==25.5.0
    # via scaffolder
typing-extensions==4.15.0
    # via
    #   anyio
    #   pydantic
    #   pydantic-core
    #   typing-inspection
typing-inspection==0.4.2
    # via
    #   pydantic
    #   pydantic-settings
