# This file was autogenerated by uv via the following command:
#    uv pip compile services/workers-spawner/pyproject.toml -o services/workers-spawner/requirements.lock
annotated-types==0.7.0
    # via pydantic
pydantic==2.12.5
    # via
    #   workers-spawner (services/workers-spawner/pyproject.toml)
    #   pydantic-settings
pydantic-core==2.41.5
    # via pydantic
pydantic-settings==2.12.0
    # via workers-spawner (services/workers-spawner/pyproject.toml)
python-dotenv==1.2.1
    # via pydantic-settings
redis==7.1.0
    # via workers-spawner (services/workers-spawner/pyproject.toml)
structlog==25.5.0
    # via workers-spawner (services/workers-spawner/pyproject.toml)
typing-extensions==4.15.0
    # via
    #   pydantic
    #   pydantic-core
    #   typing-inspection
typing-inspection==0.4.2
    # via
    #   pydantic
    #   pydantic-settings
