# This file was autogenerated by uv via the following command:
#    uv pip compile services/infrastructure-worker/pyproject.toml -o services/infrastructure-worker/requirements.lock
aiohappyeyeballs==2.6.1
    # via aiohttp
aiohttp==3.13.2
    # via infrastructure-worker (services/infrastructure-worker/pyproject.toml)
aiosignal==1.4.0
    # via aiohttp
annotated-types==0.7.0
    # via pydantic
ansible-core==2.20.1
    # via infrastructure-worker (services/infrastructure-worker/pyproject.toml)
anyio==4.12.0
    # via httpx
attrs==25.4.0
    # via aiohttp
certifi==2025.11.12
    # via
    #   httpcore
    #   httpx
cffi==2.0.0
    # via cryptography
cryptography==46.0.3
    # via
    #   ansible-core
    #   pyjwt
frozenlist==1.8.0
    # via
    #   aiohttp
    #   aiosignal
h11==0.16.0
    # via httpcore
hiredis==3.3.0
    # via redis
httpcore==1.0.9
    # via httpx
httpx==0.28.1
    # via infrastructure-worker (services/infrastructure-worker/pyproject.toml)
idna==3.11
    # via
    #   anyio
    #   httpx
    #   yarl
jinja2==3.1.6
    # via ansible-core
markupsafe==3.0.3
    # via jinja2
multidict==6.7.0
    # via
    #   aiohttp
    #   yarl
packaging==25.0
    # via ansible-core
propcache==0.4.1
    # via
    #   aiohttp
    #   yarl
pycparser==2.23
    # via cffi
pydantic==2.12.5
    # via pydantic-settings
pydantic-core==2.41.5
    # via pydantic
pydantic-settings==2.12.0
    # via infrastructure-worker (services/infrastructure-worker/pyproject.toml)
pyjwt==2.10.1
    # via infrastructure-worker (services/infrastructure-worker/pyproject.toml)
python-dotenv==1.2.1
    # via pydantic-settings
pyyaml==6.0.3
    # via ansible-core
redis==7.1.0
    # via infrastructure-worker (services/infrastructure-worker/pyproject.toml)
resolvelib==1.2.1
    # via ansible-core
structlog==25.5.0
    # via infrastructure-worker (services/infrastructure-worker/pyproject.toml)
typing-extensions==4.15.0
    # via
    #   aiosignal
    #   anyio
    #   pydantic
    #   pydantic-core
    #   typing-inspection
typing-inspection==0.4.2
    # via
    #   pydantic
    #   pydantic-settings
yarl==1.22.0
    # via aiohttp
