# This file was autogenerated by uv via the following command:
#    uv pip compile services/telegram_bot/pyproject.toml -o services/telegram_bot/requirements.lock
anyio==4.12.0
    # via httpx
certifi==2025.11.12
    # via
    #   httpcore
    #   httpx
h11==0.16.0
    # via httpcore
hiredis==3.3.0
    # via redis
httpcore==1.0.9
    # via httpx
httpx==0.28.1
    # via python-telegram-bot
idna==3.11
    # via
    #   anyio
    #   httpx
python-telegram-bot==22.5
    # via telegram-bot (services/telegram_bot/pyproject.toml)
redis==7.1.0
    # via telegram-bot (services/telegram_bot/pyproject.toml)
structlog==25.5.0
    # via telegram-bot (services/telegram_bot/pyproject.toml)
typing-extensions==4.15.0
    # via anyio
