# This file was autogenerated by uv via the following command:
#    uv pip compile services/telegram_bot/pyproject.toml -o services/telegram_bot/requirements.lock
annotated-types==0.7.0
    # via pydantic
anyio==4.12.0
    # via httpx
certifi==2025.11.12
    # via
    #   httpcore
    #   httpx
h11==0.16.0
    # via httpcore
hiredis==3.3.0
    # via redis
httpcore==1.0.9
    # via httpx
httpx==0.28.1
    # via
    #   telegram-bot (services/telegram_bot/pyproject.toml)
    #   python-telegram-bot
idna==3.11
    # via
    #   anyio
    #   httpx
pydantic==2.12.5
    # via
    #   telegram-bot (services/telegram_bot/pyproject.toml)
    #   pydantic-settings
pydantic-core==2.41.5
    # via pydantic
pydantic-settings==2.12.0
    # via telegram-bot (services/telegram_bot/pyproject.toml)
python-dotenv==1.2.1
    # via pydantic-settings
python-telegram-bot==22.5
    # via telegram-bot (services/telegram_bot/pyproject.toml)
redis==7.1.0
    # via telegram-bot (services/telegram_bot/pyproject.toml)
structlog==25.5.0
    # via telegram-bot (services/telegram_bot/pyproject.toml)
typing-extensions==4.15.0
    # via
    #   anyio
    #   pydantic
    #   pydantic-core
    #   typing-inspection
typing-inspection==0.4.2
    # via
    #   pydantic
    #   pydantic-settings
