# This file was autogenerated by uv via the following command:
#    uv pip compile services/api/pyproject.toml -o services/api/requirements.lock
aiohappyeyeballs==2.6.1
    # via aiohttp
aiohttp==3.13.2
    # via api (services/api/pyproject.toml)
aiosignal==1.4.0
    # via aiohttp
alembic==1.17.2
    # via api (services/api/pyproject.toml)
annotated-doc==0.0.4
    # via fastapi
annotated-types==0.7.0
    # via pydantic
anyio==4.12.0
    # via
    #   httpx
    #   starlette
    #   watchfiles
asyncpg==0.31.0
    # via api (services/api/pyproject.toml)
attrs==25.4.0
    # via aiohttp
certifi==2025.11.12
    # via
    #   httpcore
    #   httpx
cffi==2.0.0
    # via cryptography
click==8.3.1
    # via uvicorn
cryptography==46.0.3
    # via pyjwt
fastapi==0.127.1
    # via api (services/api/pyproject.toml)
frozenlist==1.8.0
    # via
    #   aiohttp
    #   aiosignal
greenlet==3.3.0
    # via sqlalchemy
h11==0.16.0
    # via
    #   httpcore
    #   uvicorn
hiredis==3.3.0
    # via redis
httpcore==1.0.9
    # via httpx
httptools==0.7.1
    # via uvicorn
httpx==0.28.1
    # via api (services/api/pyproject.toml)
idna==3.11
    # via
    #   anyio
    #   httpx
    #   yarl
mako==1.3.10
    # via alembic
markupsafe==3.0.3
    # via mako
multidict==6.7.0
    # via
    #   aiohttp
    #   yarl
propcache==0.4.1
    # via
    #   aiohttp
    #   yarl
pycparser==2.23
    # via cffi
pydantic==2.12.5
    # via
    #   api (services/api/pyproject.toml)
    #   fastapi
    #   pydantic-settings
pydantic-core==2.41.5
    # via pydantic
pydantic-settings==2.12.0
    # via api (services/api/pyproject.toml)
pyjwt==2.10.1
    # via api (services/api/pyproject.toml)
python-dotenv==1.2.1
    # via
    #   pydantic-settings
    #   uvicorn
pyyaml==6.0.3
    # via
    #   api (services/api/pyproject.toml)
    #   uvicorn
redis==7.1.0
    # via api (services/api/pyproject.toml)
sqlalchemy==2.0.45
    # via
    #   api (services/api/pyproject.toml)
    #   alembic
starlette==0.50.0
    # via fastapi
structlog==25.5.0
    # via api (services/api/pyproject.toml)
typing-extensions==4.15.0
    # via
    #   aiosignal
    #   alembic
    #   anyio
    #   fastapi
    #   pydantic
    #   pydantic-core
    #   sqlalchemy
    #   starlette
    #   typing-inspection
typing-inspection==0.4.2
    # via
    #   pydantic
    #   pydantic-settings
uvicorn==0.40.0
    # via api (services/api/pyproject.toml)
uvloop==0.22.1
    # via uvicorn
watchfiles==1.1.1
    # via uvicorn
websockets==15.0.1
    # via uvicorn
yarl==1.22.0
    # via aiohttp
