# This file was autogenerated by uv via the following command:
#    uv pip compile services/worker-broker/pyproject.toml -o services/worker-broker/requirements.lock
annotated-doc==0.0.5
    # via fastapi
annotated-types==0.8.0
    # via pydantic
anyio==4.15.1
    # via
    #   httpx
    #   starlette
certifi==2026.7.22
    # via
    #   httpcore
    #   httpx
cffi==2.1.1
    # via
    #   cryptography
    #   pynacl
click==8.5.0
    # via uvicorn
cryptography==50.0.1
    # via
    #   worker-broker (services/worker-broker/pyproject.toml)
    #   pyjwt
fastapi==0.141.1
    # via worker-broker (services/worker-broker/pyproject.toml)
h11==0.16.0
    # via
    #   httpcore
    #   uvicorn
httpcore==1.0.9
    # via httpx
httpx==0.28.1
    # via worker-broker (services/worker-broker/pyproject.toml)
idna==3.20
    # via
    #   anyio
    #   httpx
pgvector==0.5.0
    # via worker-broker (services/worker-broker/pyproject.toml)
pycparser==3.0
    # via cffi
pydantic==2.13.5
    # via
    #   fastapi
    #   pydantic-settings
pydantic-core==2.46.5
    # via pydantic
pydantic-settings==2.15.0
    # via worker-broker (services/worker-broker/pyproject.toml)
pyjwt==2.15.0
    # via worker-broker (services/worker-broker/pyproject.toml)
pynacl==1.6.2
    # via worker-broker (services/worker-broker/pyproject.toml)
python-dotenv==1.2.3
    # via pydantic-settings
pyyaml==6.0.3
    # via worker-broker (services/worker-broker/pyproject.toml)
redis==8.1.0
    # via worker-broker (services/worker-broker/pyproject.toml)
starlette==1.7.0
    # via fastapi
structlog==26.1.0
    # via worker-broker (services/worker-broker/pyproject.toml)
typing-extensions==4.16.0
    # via
    #   anyio
    #   fastapi
    #   pydantic
    #   pydantic-core
    #   starlette
    #   typing-inspection
typing-inspection==0.4.4
    # via
    #   fastapi
    #   pydantic
    #   pydantic-settings
uvicorn==0.53.0
    # via worker-broker (services/worker-broker/pyproject.toml)
